version = 1
revision = 3
requires-python = ">=3.12"

[[package]]
name = "redis"
version = "7.1.1"
source = { registry = "https://pypi.org/simple" }
sdist = { url = "https://files.pythonhosted.org/packages/f7/80/2971931d27651affa88a44c0ad7b8c4a19dc29c998abb20b23868d319b59/redis-7.1.1.tar.gz", hash = "sha256:a2814b2bda15b39dad11391cc48edac4697214a8a5a4bd10abe936ab4892eb43", size = 4800064, upload-time = "2026-02-09T18:39:40.292Z" }
wheels = [
    { url = "https://files.pythonhosted.org/packages/29/55/1de1d812ba1481fa4b37fb03b4eec0fcb71b6a0d44c04ea3482eb017600f/redis-7.1.1-py3-none-any.whl", hash = "sha256:f77817f16071c2950492c67d40b771fa493eb3fccc630a424a10976dbb794b7a", size = 356057, upload-time = "2026-02-09T18:39:38.602Z" },
]

[[package]]
name = "redis-basics"
version = "0.1.0"
source = { virtual = "." }
dependencies = [
    { name = "redis" },
]

[package.metadata]
requires-dist = [{ name = "redis", specifier = ">=7.1.1" }]
